
Microsoft Visual Studio Solution File, Format Version 12.00
# Visual Studio Version 16
VisualStudioVersion = 16.0.30503.244
MinimumVisualStudioVersion = 10.0.40219.1
Project("{9A19103F-16F7-4668-BE54-9A1E7A4F7556}") = "eStore API", "eStore\eStore API\eStore API.csproj", "{78FD12EB-B336-40B8-AEBA-C9FDCA9DF563}"
EndProject
Project("{9A19103F-16F7-4668-BE54-9A1E7A4F7556}") = "CMS API", "CMS\CMS API\CMS API.csproj", "{5648E1CC-D1A0-45AC-9995-232CB4AE86E4}"
EndProject
Project("{2150E333-8FDC-42A3-9474-1A3956D46DE8}") = "APIs", "APIs", "{6240E1BB-6155-43CE-89DB-F3F79B7B28FF}"
EndProject
Project("{2150E333-8FDC-42A3-9474-1A3956D46DE8}") = "eStore API", "eStore API", "{425BA813-0711-46E6-B1C9-8604EEA3906C}"
EndProject
Project("{2150E333-8FDC-42A3-9474-1A3956D46DE8}") = "CMS API", "CMS API", "{C8BE2576-CAE7-4BD6-8DA3-553F521ABB68}"
EndProject
Project("{9A19103F-16F7-4668-BE54-9A1E7A4F7556}") = "Entities", "shared\Entities\Entities.csproj", "{EA2EB264-7B29-440C-BC2F-E66007717F7C}"
EndProject
Project("{9A19103F-16F7-4668-BE54-9A1E7A4F7556}") = "CMS.Repositories", "CMS\CMS.Repositories\CMS.Repositories.csproj", "{D5D6658A-7C4B-460E-9518-08C30F829366}"
EndProject
Project("{9A19103F-16F7-4668-BE54-9A1E7A4F7556}") = "CMS.Services", "CMS\CMS.Services\CMS.Services.csproj", "{8C7C11E2-F781-4E3F-9054-42D58C731E88}"
EndProject
Project("{2150E333-8FDC-42A3-9474-1A3956D46DE8}") = "Website", "Website", "{84A8A978-EE81-4710-9962-9F6282C421B6}"
EndProject
Project("{9A19103F-16F7-4668-BE54-9A1E7A4F7556}") = "PCMS", "shared\PCMS\PCMS.csproj", "{02E7B10A-304B-4370-8F89-5BABB73A5DFD}"
EndProject
Project("{9A19103F-16F7-4668-BE54-9A1E7A4F7556}") = "Utilities", "shared\Utilities\Utilities.csproj", "{71440B13-CE06-4087-8804-3B73CB4699C5}"
EndProject
Project("{2150E333-8FDC-42A3-9474-1A3956D46DE8}") = "Shared", "Shared", "{AF4848BB-B632-4075-A011-FE5588A3FEC5}"
EndProject
Project("{9A19103F-16F7-4668-BE54-9A1E7A4F7556}") = "eStore.Services", "eStore\eStore.Services\eStore.Services.csproj", "{F5D9A660-FD1C-4389-BAAA-41D0ABF6AA4C}"
EndProject
Project("{9A19103F-16F7-4668-BE54-9A1E7A4F7556}") = "eStore.Repositories", "eStore\eStore.Repositories\eStore.Repositories.csproj", "{9B3C50DE-3E8B-4800-8FF5-F6A990B91413}"
EndProject
Project("{9A19103F-16F7-4668-BE54-9A1E7A4F7556}") = "eVMS.Web", "eVMS.Web\eVMS.Web.csproj", "{59FFA303-272E-480D-9BEC-791B229B9963}"
EndProject
Global
	GlobalSection(SolutionConfigurationPlatforms) = preSolution
		Debug|Any CPU = Debug|Any CPU
		Release|Any CPU = Release|Any CPU
	EndGlobalSection
	GlobalSection(ProjectConfigurationPlatforms) = postSolution
		{78FD12EB-B336-40B8-AEBA-C9FDCA9DF563}.Debug|Any CPU.ActiveCfg = Debug|Any CPU
		{78FD12EB-B336-40B8-AEBA-C9FDCA9DF563}.Debug|Any CPU.Build.0 = Debug|Any CPU
		{78FD12EB-B336-40B8-AEBA-C9FDCA9DF563}.Release|Any CPU.ActiveCfg = Release|Any CPU
		{78FD12EB-B336-40B8-AEBA-C9FDCA9DF563}.Release|Any CPU.Build.0 = Release|Any CPU
		{5648E1CC-D1A0-45AC-9995-232CB4AE86E4}.Debug|Any CPU.ActiveCfg = Debug|Any CPU
		{5648E1CC-D1A0-45AC-9995-232CB4AE86E4}.Debug|Any CPU.Build.0 = Debug|Any CPU
		{5648E1CC-D1A0-45AC-9995-232CB4AE86E4}.Release|Any CPU.ActiveCfg = Release|Any CPU
		{5648E1CC-D1A0-45AC-9995-232CB4AE86E4}.Release|Any CPU.Build.0 = Release|Any CPU
		{EA2EB264-7B29-440C-BC2F-E66007717F7C}.Debug|Any CPU.ActiveCfg = Debug|Any CPU
		{EA2EB264-7B29-440C-BC2F-E66007717F7C}.Debug|Any CPU.Build.0 = Debug|Any CPU
		{EA2EB264-7B29-440C-BC2F-E66007717F7C}.Release|Any CPU.ActiveCfg = Release|Any CPU
		{EA2EB264-7B29-440C-BC2F-E66007717F7C}.Release|Any CPU.Build.0 = Release|Any CPU
		{D5D6658A-7C4B-460E-9518-08C30F829366}.Debug|Any CPU.ActiveCfg = Debug|Any CPU
		{D5D6658A-7C4B-460E-9518-08C30F829366}.Debug|Any CPU.Build.0 = Debug|Any CPU
		{D5D6658A-7C4B-460E-9518-08C30F829366}.Release|Any CPU.ActiveCfg = Release|Any CPU
		{D5D6658A-7C4B-460E-9518-08C30F829366}.Release|Any CPU.Build.0 = Release|Any CPU
		{8C7C11E2-F781-4E3F-9054-42D58C731E88}.Debug|Any CPU.ActiveCfg = Debug|Any CPU
		{8C7C11E2-F781-4E3F-9054-42D58C731E88}.Debug|Any CPU.Build.0 = Debug|Any CPU
		{8C7C11E2-F781-4E3F-9054-42D58C731E88}.Release|Any CPU.ActiveCfg = Release|Any CPU
		{8C7C11E2-F781-4E3F-9054-42D58C731E88}.Release|Any CPU.Build.0 = Release|Any CPU
		{02E7B10A-304B-4370-8F89-5BABB73A5DFD}.Debug|Any CPU.ActiveCfg = Debug|Any CPU
		{02E7B10A-304B-4370-8F89-5BABB73A5DFD}.Debug|Any CPU.Build.0 = Debug|Any CPU
		{02E7B10A-304B-4370-8F89-5BABB73A5DFD}.Release|Any CPU.ActiveCfg = Release|Any CPU
		{02E7B10A-304B-4370-8F89-5BABB73A5DFD}.Release|Any CPU.Build.0 = Release|Any CPU
		{71440B13-CE06-4087-8804-3B73CB4699C5}.Debug|Any CPU.ActiveCfg = Debug|Any CPU
		{71440B13-CE06-4087-8804-3B73CB4699C5}.Debug|Any CPU.Build.0 = Debug|Any CPU
		{71440B13-CE06-4087-8804-3B73CB4699C5}.Release|Any CPU.ActiveCfg = Release|Any CPU
		{71440B13-CE06-4087-8804-3B73CB4699C5}.Release|Any CPU.Build.0 = Release|Any CPU
		{F5D9A660-FD1C-4389-BAAA-41D0ABF6AA4C}.Debug|Any CPU.ActiveCfg = Debug|Any CPU
		{F5D9A660-FD1C-4389-BAAA-41D0ABF6AA4C}.Debug|Any CPU.Build.0 = Debug|Any CPU
		{F5D9A660-FD1C-4389-BAAA-41D0ABF6AA4C}.Release|Any CPU.ActiveCfg = Release|Any CPU
		{F5D9A660-FD1C-4389-BAAA-41D0ABF6AA4C}.Release|Any CPU.Build.0 = Release|Any CPU
		{9B3C50DE-3E8B-4800-8FF5-F6A990B91413}.Debug|Any CPU.ActiveCfg = Debug|Any CPU
		{9B3C50DE-3E8B-4800-8FF5-F6A990B91413}.Debug|Any CPU.Build.0 = Debug|Any CPU
		{9B3C50DE-3E8B-4800-8FF5-F6A990B91413}.Release|Any CPU.ActiveCfg = Release|Any CPU
		{9B3C50DE-3E8B-4800-8FF5-F6A990B91413}.Release|Any CPU.Build.0 = Release|Any CPU
		{59FFA303-272E-480D-9BEC-791B229B9963}.Debug|Any CPU.ActiveCfg = Debug|Any CPU
		{59FFA303-272E-480D-9BEC-791B229B9963}.Debug|Any CPU.Build.0 = Debug|Any CPU
		{59FFA303-272E-480D-9BEC-791B229B9963}.Release|Any CPU.ActiveCfg = Release|Any CPU
		{59FFA303-272E-480D-9BEC-791B229B9963}.Release|Any CPU.Build.0 = Release|Any CPU
	EndGlobalSection
	GlobalSection(SolutionProperties) = preSolution
		HideSolutionNode = FALSE
	EndGlobalSection
	GlobalSection(NestedProjects) = preSolution
		{78FD12EB-B336-40B8-AEBA-C9FDCA9DF563} = {425BA813-0711-46E6-B1C9-8604EEA3906C}
		{5648E1CC-D1A0-45AC-9995-232CB4AE86E4} = {C8BE2576-CAE7-4BD6-8DA3-553F521ABB68}
		{425BA813-0711-46E6-B1C9-8604EEA3906C} = {6240E1BB-6155-43CE-89DB-F3F79B7B28FF}
		{C8BE2576-CAE7-4BD6-8DA3-553F521ABB68} = {6240E1BB-6155-43CE-89DB-F3F79B7B28FF}
		{EA2EB264-7B29-440C-BC2F-E66007717F7C} = {AF4848BB-B632-4075-A011-FE5588A3FEC5}
		{D5D6658A-7C4B-460E-9518-08C30F829366} = {C8BE2576-CAE7-4BD6-8DA3-553F521ABB68}
		{8C7C11E2-F781-4E3F-9054-42D58C731E88} = {C8BE2576-CAE7-4BD6-8DA3-553F521ABB68}
		{02E7B10A-304B-4370-8F89-5BABB73A5DFD} = {AF4848BB-B632-4075-A011-FE5588A3FEC5}
		{71440B13-CE06-4087-8804-3B73CB4699C5} = {AF4848BB-B632-4075-A011-FE5588A3FEC5}
		{AF4848BB-B632-4075-A011-FE5588A3FEC5} = {6240E1BB-6155-43CE-89DB-F3F79B7B28FF}
		{F5D9A660-FD1C-4389-BAAA-41D0ABF6AA4C} = {425BA813-0711-46E6-B1C9-8604EEA3906C}
		{9B3C50DE-3E8B-4800-8FF5-F6A990B91413} = {425BA813-0711-46E6-B1C9-8604EEA3906C}
		{59FFA303-272E-480D-9BEC-791B229B9963} = {84A8A978-EE81-4710-9962-9F6282C421B6}
	EndGlobalSection
	GlobalSection(ExtensibilityGlobals) = postSolution
		SolutionGuid = {79075068-CD6A-43D0-8378-F33F6DAF273F}
	EndGlobalSection
EndGlobal
